{
  "name": "server",
  "lockfileVersion": 3,
  "requires": true,
  "packages": {
    "": {
      "dependencies": {
        "vue-cookies": "^1.8.4",
        "vue-cookies-ts": "^1.5.19"
      }
    },
    "node_modules/cookies-ts": {
      "version": "1.0.5",
      "resolved": "https://registry.npmjs.org/cookies-ts/-/cookies-ts-1.0.5.tgz",
      "integrity": "sha512-WpfZCpgrkbo1L39ZHCSvSV2xSERuzlCdGFyIT8QFFmmyPe6UWrNaq8DCIyluo9VmLLlXb1v7go2xrxcYNSCxBg==",
      "license": "MIT"
    },
    "node_modules/vue-cookies": {
      "version": "1.8.4",
      "resolved": "https://registry.npmjs.org/vue-cookies/-/vue-cookies-1.8.4.tgz",
      "integrity": "sha512-9zjvACKE4W0kEb8OQtXzpizKhf6zfFOG/Z1TEUjSJn4Z4rintuAHo8y/FpCUhTWHMmPe8E+Fko+/tiXVM+5jOw==",
      "license": "MIT"
    },
    "node_modules/vue-cookies-ts": {
      "version": "1.5.19",
      "resolved": "https://registry.npmjs.org/vue-cookies-ts/-/vue-cookies-ts-1.5.19.tgz",
      "integrity": "sha512-vG9NOoB1okEwCP6PrlpJWfhizRbbOCqcQHuHBr2jnc44cdUEAWS00byDrmRSAEZyzxapL4Vl8fzjoO7ponttUg==",
      "license": "MIT",
      "dependencies": {
        "cookies-ts": "^1.0.4"
      }
    }
  }
}
